
Microsoft Visual Studio Solution File, Format Version 12.00
# Visual Studio Version 16
VisualStudioVersion = 16.0.29728.190
MinimumVisualStudioVersion = 10.0.40219.1
Project("{9A19103F-16F7-4668-BE54-9A1E7A4F7556}") = "SharedMemory", "SharedMemory\SharedMemory.csproj", "{49EEAE24-99C6-48F9-8784-4C9196BD1958}"
EndProject
Project("{9A19103F-16F7-4668-BE54-9A1E7A4F7556}") = "SharedMemory.Tests", "SharedMemory.Tests\SharedMemory.Tests.csproj", "{51DD9C46-955A-454A-952E-44046FFBEEB5}"
EndProject
Project("{2150E333-8FDC-42A3-9474-1A3956D46DE8}") = "Examples", "Examples", "{D3675823-5797-428B-A5D4-83824612F924}"
EndProject
Project("{9A19103F-16F7-4668-BE54-9A1E7A4F7556}") = "ClientTest", "Examples\ClientTest\ClientTest.csproj", "{69FC3A5E-C4C7-47BA-B553-FF9477D56B9B}"
EndProject
Project("{9A19103F-16F7-4668-BE54-9A1E7A4F7556}") = "ServerTest", "Examples\ServerTest\ServerTest.csproj", "{6FC3F56C-B2DD-4E81-8425-CCAF2A6FF343}"
EndProject
Project("{9A19103F-16F7-4668-BE54-9A1E7A4F7556}") = "SingleProcess", "Examples\SingleProcess\SingleProcess.csproj", "{58858E6C-4455-443F-A288-2B4BDCEDFB10}"
EndProject
Project("{FAE04EC0-301F-11D3-BF4B-00C04F79EFBC}") = "RpcTest", "Examples\RpcTest\RpcTest.csproj", "{295402B7-EEF8-4A79-968E-58135AE5D385}"
EndProject
Global
	GlobalSection(SolutionConfigurationPlatforms) = preSolution
		Debug|Any CPU = Debug|Any CPU
		Release|Any CPU = Release|Any CPU
	EndGlobalSection
	GlobalSection(ProjectConfigurationPlatforms) = postSolution
		{49EEAE24-99C6-48F9-8784-4C9196BD1958}.Debug|Any CPU.ActiveCfg = Debug|Any CPU
		{49EEAE24-99C6-48F9-8784-4C9196BD1958}.Debug|Any CPU.Build.0 = Debug|Any CPU
		{49EEAE24-99C6-48F9-8784-4C9196BD1958}.Release|Any CPU.ActiveCfg = Release|Any CPU
		{49EEAE24-99C6-48F9-8784-4C9196BD1958}.Release|Any CPU.Build.0 = Release|Any CPU
		{51DD9C46-955A-454A-952E-44046FFBEEB5}.Debug|Any CPU.ActiveCfg = Debug|Any CPU
		{51DD9C46-955A-454A-952E-44046FFBEEB5}.Debug|Any CPU.Build.0 = Debug|Any CPU
		{51DD9C46-955A-454A-952E-44046FFBEEB5}.Release|Any CPU.ActiveCfg = Release|Any CPU
		{51DD9C46-955A-454A-952E-44046FFBEEB5}.Release|Any CPU.Build.0 = Release|Any CPU
		{69FC3A5E-C4C7-47BA-B553-FF9477D56B9B}.Debug|Any CPU.ActiveCfg = Debug|Any CPU
		{69FC3A5E-C4C7-47BA-B553-FF9477D56B9B}.Debug|Any CPU.Build.0 = Debug|Any CPU
		{69FC3A5E-C4C7-47BA-B553-FF9477D56B9B}.Release|Any CPU.ActiveCfg = Release|Any CPU
		{69FC3A5E-C4C7-47BA-B553-FF9477D56B9B}.Release|Any CPU.Build.0 = Release|Any CPU
		{6FC3F56C-B2DD-4E81-8425-CCAF2A6FF343}.Debug|Any CPU.ActiveCfg = Debug|Any CPU
		{6FC3F56C-B2DD-4E81-8425-CCAF2A6FF343}.Debug|Any CPU.Build.0 = Debug|Any CPU
		{6FC3F56C-B2DD-4E81-8425-CCAF2A6FF343}.Release|Any CPU.ActiveCfg = Release|Any CPU
		{6FC3F56C-B2DD-4E81-8425-CCAF2A6FF343}.Release|Any CPU.Build.0 = Release|Any CPU
		{58858E6C-4455-443F-A288-2B4BDCEDFB10}.Debug|Any CPU.ActiveCfg = Debug|Any CPU
		{58858E6C-4455-443F-A288-2B4BDCEDFB10}.Debug|Any CPU.Build.0 = Debug|Any CPU
		{58858E6C-4455-443F-A288-2B4BDCEDFB10}.Release|Any CPU.ActiveCfg = Release|Any CPU
		{58858E6C-4455-443F-A288-2B4BDCEDFB10}.Release|Any CPU.Build.0 = Release|Any CPU
		{295402B7-EEF8-4A79-968E-58135AE5D385}.Debug|Any CPU.ActiveCfg = Debug|Any CPU
		{295402B7-EEF8-4A79-968E-58135AE5D385}.Debug|Any CPU.Build.0 = Debug|Any CPU
		{295402B7-EEF8-4A79-968E-58135AE5D385}.Release|Any CPU.ActiveCfg = Release|Any CPU
		{295402B7-EEF8-4A79-968E-58135AE5D385}.Release|Any CPU.Build.0 = Release|Any CPU
	EndGlobalSection
	GlobalSection(SolutionProperties) = preSolution
		HideSolutionNode = FALSE
	EndGlobalSection
	GlobalSection(NestedProjects) = preSolution
		{69FC3A5E-C4C7-47BA-B553-FF9477D56B9B} = {D3675823-5797-428B-A5D4-83824612F924}
		{6FC3F56C-B2DD-4E81-8425-CCAF2A6FF343} = {D3675823-5797-428B-A5D4-83824612F924}
		{58858E6C-4455-443F-A288-2B4BDCEDFB10} = {D3675823-5797-428B-A5D4-83824612F924}
		{295402B7-EEF8-4A79-968E-58135AE5D385} = {D3675823-5797-428B-A5D4-83824612F924}
	EndGlobalSection
	GlobalSection(ExtensibilityGlobals) = postSolution
		SolutionGuid = {DD0E1614-8CF6-460D-95BD-8E178CA17132}
	EndGlobalSection
EndGlobal
